
Microsoft Visual Studio Solution File, Format Version 12.00
# Visual Studio Version 17
VisualStudioVersion = 17.7.34031.279
MinimumVisualStudioVersion = 10.0.40219.1
Project("{FAE04EC0-301F-11D3-BF4B-00C04F79EFBC}") = "PS5 Activity Log", "PS5 Activity Log.csproj", "{F5BF2CF1-0E2D-4D37-AADB-1CE854EEAB20}"
EndProject
Global
	GlobalSection(SolutionConfigurationPlatforms) = preSolution
		Debug|Any CPU = Debug|Any CPU
		Release|Any CPU = Release|Any CPU
	EndGlobalSection
	GlobalSection(ProjectConfigurationPlatforms) = postSolution
		{F5BF2CF1-0E2D-4D37-AADB-1CE854EEAB20}.Debug|Any CPU.ActiveCfg = Debug|Any CPU
		{F5BF2CF1-0E2D-4D37-AADB-1CE854EEAB20}.Debug|Any CPU.Build.0 = Debug|Any CPU
		{F5BF2CF1-0E2D-4D37-AADB-1CE854EEAB20}.Release|Any CPU.ActiveCfg = Release|Any CPU
		{F5BF2CF1-0E2D-4D37-AADB-1CE854EEAB20}.Release|Any CPU.Build.0 = Release|Any CPU
	EndGlobalSection
	GlobalSection(SolutionProperties) = preSolution
		HideSolutionNode = FALSE
	EndGlobalSection
	GlobalSection(ExtensibilityGlobals) = postSolution
		SolutionGuid = {8F5E35B7-2EB2-4D6A-B18D-3E43D29B9ED2}
	EndGlobalSection
EndGlobal
